// !$*UTF8*$!
{
	archiveVersion = 1;
	classes = {
	};
	objectVersion = 46;
	objects = {

/* Begin PBXBuildFile section */
		561888D41D90C78E009FC082 /* Readme.text in Sources */ = {isa = PBXBuildFile; fileRef = 561888D21D90C78E009FC082 /* Readme.text */; };
		56798FE81D90C1C200C56A35 /* wireframes in Resources */ = {isa = PBXBuildFile; fileRef = 56798FE71D90C1C200C56A35 /* wireframes */; };
		56798FE91D90C1C200C56A35 /* wireframes in Resources */ = {isa = PBXBuildFile; fileRef = 56798FE71D90C1C200C56A35 /* wireframes */; };
		56798FEB1D90C1EC00C56A35 /* ListItemClientes.swift in Sources */ = {isa = PBXBuildFile; fileRef = 56798FEA1D90C1EC00C56A35 /* ListItemClientes.swift */; };
		56798FEC1D90C1EC00C56A35 /* ListItemClientes.swift in Sources */ = {isa = PBXBuildFile; fileRef = 56798FEA1D90C1EC00C56A35 /* ListItemClientes.swift */; };
		56798FEE1D90C23200C56A35 /* Main.storyboard in Resources */ = {isa = PBXBuildFile; fileRef = 56798FED1D90C23200C56A35 /* Main.storyboard */; };
		56798FEF1D90C23200C56A35 /* Main.storyboard in Resources */ = {isa = PBXBuildFile; fileRef = 56798FED1D90C23200C56A35 /* Main.storyboard */; };
		56798FF61D90C50C00C56A35 /* CRUsuario.swift in Sources */ = {isa = PBXBuildFile; fileRef = 569F6FD41D907AD20040A25F /* CRUsuario.swift */; };
		569F6FB11D9042780040A25F /* AppDelegate.swift in Sources */ = {isa = PBXBuildFile; fileRef = 569F6FB01D9042780040A25F /* AppDelegate.swift */; };
		569F6FB81D9042780040A25F /* Assets.xcassets in Resources */ = {isa = PBXBuildFile; fileRef = 569F6FB71D9042780040A25F /* Assets.xcassets */; };
		569F6FBB1D9042780040A25F /* LaunchScreen.storyboard in Resources */ = {isa = PBXBuildFile; fileRef = 569F6FB91D9042780040A25F /* LaunchScreen.storyboard */; };
		569F6FC61D9042780040A25F /* Trabajo16Tests.swift in Sources */ = {isa = PBXBuildFile; fileRef = 569F6FC51D9042780040A25F /* Trabajo16Tests.swift */; };
		569F6FD21D907AB60040A25F /* Usuario.swift in Sources */ = {isa = PBXBuildFile; fileRef = 569F6FD11D907AB60040A25F /* Usuario.swift */; };
		569F6FD31D907AB60040A25F /* Usuario.swift in Sources */ = {isa = PBXBuildFile; fileRef = 569F6FD11D907AB60040A25F /* Usuario.swift */; };
		569F6FD61D907AD20040A25F /* CRUsuario.swift in Sources */ = {isa = PBXBuildFile; fileRef = 569F6FD41D907AD20040A25F /* CRUsuario.swift */; };
		569F6FD81D90B21C0040A25F /* Clientes.swift in Sources */ = {isa = PBXBuildFile; fileRef = 569F6FD71D90B21C0040A25F /* Clientes.swift */; };
		569F6FD91D90B21C0040A25F /* Clientes.swift in Sources */ = {isa = PBXBuildFile; fileRef = 569F6FD71D90B21C0040A25F /* Clientes.swift */; };
		569F6FF81D90B3BA0040A25F /* ViewController.swift in Sources */ = {isa = PBXBuildFile; fileRef = 569F6FF71D90B3BA0040A25F /* ViewController.swift */; };
		569F6FF91D90B3BA0040A25F /* ViewController.swift in Sources */ = {isa = PBXBuildFile; fileRef = 569F6FF71D90B3BA0040A25F /* ViewController.swift */; };
		569F70011D90B78E0040A25F /* SistemaViewController.swift in Sources */ = {isa = PBXBuildFile; fileRef = 569F70001D90B78E0040A25F /* SistemaViewController.swift */; };
		569F70021D90B78E0040A25F /* SistemaViewController.swift in Sources */ = {isa = PBXBuildFile; fileRef = 569F70001D90B78E0040A25F /* SistemaViewController.swift */; };
/* End PBXBuildFile section */

/* Begin PBXContainerItemProxy section */
		569F6FC21D9042780040A25F /* PBXContainerItemProxy */ = {
			isa = PBXContainerItemProxy;
			containerPortal = 569F6FA51D9042780040A25F /* Project object */;
			proxyType = 1;
			remoteGlobalIDString = 569F6FAC1D9042780040A25F;
			remoteInfo = Trabajo16;
		};
/* End PBXContainerItemProxy section */

/* Begin PBXFileReference section */
		561888D21D90C78E009FC082 /* Readme.text */ = {isa = PBXFileReference; fileEncoding = 4; lastKnownFileType = net.daringfireball.markdown; path = Readme.text; sourceTree = "<group>"; };
		56798FE71D90C1C200C56A35 /* wireframes */ = {isa = PBXFileReference; lastKnownFileType = folder; path = wireframes; sourceTree = "<group>"; };
		56798FEA1D90C1EC00C56A35 /* ListItemClientes.swift */ = {isa = PBXFileReference; fileEncoding = 4; lastKnownFileType = sourcecode.swift; path = ListItemClientes.swift; sourceTree = "<group>"; };
		56798FED1D90C23200C56A35 /* Main.storyboard */ = {isa = PBXFileReference; fileEncoding = 4; lastKnownFileType = file.storyboard; name = Main.storyboard; path = ../Main.storyboard; sourceTree = "<group>"; };
		569F6FAD1D9042780040A25F /* Trabajo16.app */ = {isa = PBXFileReference; explicitFileType = wrapper.application; includeInIndex = 0; path = Trabajo16.app; sourceTree = BUILT_PRODUCTS_DIR; };
		569F6FB01D9042780040A25F /* AppDelegate.swift */ = {isa = PBXFileReference; lastKnownFileType = sourcecode.swift; path = AppDelegate.swift; sourceTree = "<group>"; };
		569F6FB71D9042780040A25F /* Assets.xcassets */ = {isa = PBXFileReference; lastKnownFileType = folder.assetcatalog; path = Assets.xcassets; sourceTree = "<group>"; };
		569F6FBA1D9042780040A25F /* Base */ = {isa = PBXFileReference; lastKnownFileType = file.storyboard; name = Base; path = Base.lproj/LaunchScreen.storyboard; sourceTree = "<group>"; };
		569F6FBC1D9042780040A25F /* Info.plist */ = {isa = PBXFileReference; lastKnownFileType = text.plist.xml; path = Info.plist; sourceTree = "<group>"; };
		569F6FC11D9042780040A25F /* Trabajo16Tests.xctest */ = {isa = PBXFileReference; explicitFileType = wrapper.cfbundle; includeInIndex = 0; path = Trabajo16Tests.xctest; sourceTree = BUILT_PRODUCTS_DIR; };
		569F6FC51D9042780040A25F /* Trabajo16Tests.swift */ = {isa = PBXFileReference; lastKnownFileType = sourcecode.swift; path = Trabajo16Tests.swift; sourceTree = "<group>"; };
		569F6FC71D9042780040A25F /* Info.plist */ = {isa = PBXFileReference; lastKnownFileType = text.plist.xml; path = Info.plist; sourceTree = "<group>"; };
		569F6FD11D907AB60040A25F /* Usuario.swift */ = {isa = PBXFileReference; fileEncoding = 4; lastKnownFileType = sourcecode.swift; path = Usuario.swift; sourceTree = "<group>"; };
		569F6FD41D907AD20040A25F /* CRUsuario.swift */ = {isa = PBXFileReference; fileEncoding = 4; lastKnownFileType = sourcecode.swift; path = CRUsuario.swift; sourceTree = "<group>"; };
		569F6FD71D90B21C0040A25F /* Clientes.swift */ = {isa = PBXFileReference; fileEncoding = 4; lastKnownFileType = sourcecode.swift; path = Clientes.swift; sourceTree = "<group>"; };
		569F6FF71D90B3BA0040A25F /* ViewController.swift */ = {isa = PBXFileReference; fileEncoding = 4; lastKnownFileType = sourcecode.swift; path = ViewController.swift; sourceTree = "<group>"; };
		569F70001D90B78E0040A25F /* SistemaViewController.swift */ = {isa = PBXFileReference; fileEncoding = 4; lastKnownFileType = sourcecode.swift; path = SistemaViewController.swift; sourceTree = "<group>"; };
/* End PBXFileReference section */

/* Begin PBXFrameworksBuildPhase section */
		569F6FAA1D9042780040A25F /* Frameworks */ = {
			isa = PBXFrameworksBuildPhase;
			buildActionMask = 2147483647;
			files = (
			);
			runOnlyForDeploymentPostprocessing = 0;
		};
		569F6FBE1D9042780040A25F /* Frameworks */ = {
			isa = PBXFrameworksBuildPhase;
			buildActionMask = 2147483647;
			files = (
			);
			runOnlyForDeploymentPostprocessing = 0;
		};
/* End PBXFrameworksBuildPhase section */

/* Begin PBXGroup section */
		569F6FA41D9042780040A25F = {
			isa = PBXGroup;
			children = (
				561888D21D90C78E009FC082 /* Readme.text */,
				569F6FAF1D9042780040A25F /* Trabajo16 */,
				569F6FC41D9042780040A25F /* Trabajo16Tests */,
				569F6FAE1D9042780040A25F /* Products */,
			);
			sourceTree = "<group>";
		};
		569F6FAE1D9042780040A25F /* Products */ = {
			isa = PBXGroup;
			children = (
				569F6FAD1D9042780040A25F /* Trabajo16.app */,
				569F6FC11D9042780040A25F /* Trabajo16Tests.xctest */,
			);
			name = Products;
			sourceTree = "<group>";
		};
		569F6FAF1D9042780040A25F /* Trabajo16 */ = {
			isa = PBXGroup;
			children = (
				56798FE71D90C1C200C56A35 /* wireframes */,
				569F6FDA1D90B23A0040A25F /* controller */,
				569F6FD01D907A900040A25F /* model */,
				569F6FB01D9042780040A25F /* AppDelegate.swift */,
				569F6FB71D9042780040A25F /* Assets.xcassets */,
				56798FED1D90C23200C56A35 /* Main.storyboard */,
				56798FEA1D90C1EC00C56A35 /* ListItemClientes.swift */,
				569F6FB91D9042780040A25F /* LaunchScreen.storyboard */,
				569F6FBC1D9042780040A25F /* Info.plist */,
			);
			path = Trabajo16;
			sourceTree = "<group>";
		};
		569F6FC41D9042780040A25F /* Trabajo16Tests */ = {
			isa = PBXGroup;
			children = (
				569F6FC51D9042780040A25F /* Trabajo16Tests.swift */,
				569F6FC71D9042780040A25F /* Info.plist */,
			);
			path = Trabajo16Tests;
			sourceTree = "<group>";
		};
		569F6FD01D907A900040A25F /* model */ = {
			isa = PBXGroup;
			children = (
				569F6FD11D907AB60040A25F /* Usuario.swift */,
				569F6FD41D907AD20040A25F /* CRUsuario.swift */,
				569F6FD71D90B21C0040A25F /* Clientes.swift */,
			);
			name = model;
			sourceTree = "<group>";
		};
		569F6FDA1D90B23A0040A25F /* controller */ = {
			isa = PBXGroup;
			children = (
				569F6FF71D90B3BA0040A25F /* ViewController.swift */,
				569F70001D90B78E0040A25F /* SistemaViewController.swift */,
			);
			name = controller;
			sourceTree = "<group>";
		};
/* End PBXGroup section */

/* Begin PBXNativeTarget section */
		569F6FAC1D9042780040A25F /* Trabajo16 */ = {
			isa = PBXNativeTarget;
			buildConfigurationList = 569F6FCA1D9042780040A25F /* Build configuration list for PBXNativeTarget "Trabajo16" */;
			buildPhases = (
				569F6FA91D9042780040A25F /* Sources */,
				569F6FAA1D9042780040A25F /* Frameworks */,
				569F6FAB1D9042780040A25F /* Resources */,
			);
			buildRules = (
			);
			dependencies = (
			);
			name = Trabajo16;
			productName = Trabajo16;
			productReference = 569F6FAD1D9042780040A25F /* Trabajo16.app */;
			productType = "com.apple.product-type.application";
		};
		569F6FC01D9042780040A25F /* Trabajo16Tests */ = {
			isa = PBXNativeTarget;
			buildConfigurationList = 569F6FCD1D9042780040A25F /* Build configuration list for PBXNativeTarget "Trabajo16Tests" */;
			buildPhases = (
				569F6FBD1D9042780040A25F /* Sources */,
				569F6FBE1D9042780040A25F /* Frameworks */,
				569F6FBF1D9042780040A25F /* Resources */,
			);
			buildRules = (
			);
			dependencies = (
				569F6FC31D9042780040A25F /* PBXTargetDependency */,
			);
			name = Trabajo16Tests;
			productName = Trabajo16Tests;
			productReference = 569F6FC11D9042780040A25F /* Trabajo16Tests.xctest */;
			productType = "com.apple.product-type.bundle.unit-test";
		};
/* End PBXNativeTarget section */

/* Begin PBXProject section */
		569F6FA51D9042780040A25F /* Project object */ = {
			isa = PBXProject;
			attributes = {
				LastSwiftUpdateCheck = 0720;
				LastUpgradeCheck = 0720;
				ORGANIZATIONNAME = user118713;
				TargetAttributes = {
					569F6FAC1D9042780040A25F = {
						CreatedOnToolsVersion = 7.2;
					};
					569F6FC01D9042780040A25F = {
						CreatedOnToolsVersion = 7.2;
						TestTargetID = 569F6FAC1D9042780040A25F;
					};
				};
			};
			buildConfigurationList = 569F6FA81D9042780040A25F /* Build configuration list for PBXProject "Trabajo16" */;
			compatibilityVersion = "Xcode 3.2";
			developmentRegion = English;
			hasScannedForEncodings = 0;
			knownRegions = (
				en,
				Base,
			);
			mainGroup = 569F6FA41D9042780040A25F;
			productRefGroup = 569F6FAE1D9042780040A25F /* Products */;
			projectDirPath = "";
			projectRoot = "";
			targets = (
				569F6FAC1D9042780040A25F /* Trabajo16 */,
				569F6FC01D9042780040A25F /* Trabajo16Tests */,
			);
		};
/* End PBXProject section */

/* Begin PBXResourcesBuildPhase section */
		569F6FAB1D9042780040A25F /* Resources */ = {
			isa = PBXResourcesBuildPhase;
			buildActionMask = 2147483647;
			files = (
				569F6FBB1D9042780040A25F /* LaunchScreen.storyboard in Resources */,
				569F6FB81D9042780040A25F /* Assets.xcassets in Resources */,
				56798FE81D90C1C200C56A35 /* wireframes in Resources */,
				56798FEE1D90C23200C56A35 /* Main.storyboard in Resources */,
			);
			runOnlyForDeploymentPostprocessing = 0;
		};
		569F6FBF1D9042780040A25F /* Resources */ = {
			isa = PBXResourcesBuildPhase;
			buildActionMask = 2147483647;
			files = (
				56798FE91D90C1C200C56A35 /* wireframes in Resources */,
				56798FEF1D90C23200C56A35 /* Main.storyboard in Resources */,
			);
			runOnlyForDeploymentPostprocessing = 0;
		};
/* End PBXResourcesBuildPhase section */

/* Begin PBXSourcesBuildPhase section */
		569F6FA91D9042780040A25F /* Sources */ = {
			isa = PBXSourcesBuildPhase;
			buildActionMask = 2147483647;
			files = (
				569F6FF81D90B3BA0040A25F /* ViewController.swift in Sources */,
				569F70011D90B78E0040A25F /* SistemaViewController.swift in Sources */,
				569F6FD81D90B21C0040A25F /* Clientes.swift in Sources */,
				56798FF61D90C50C00C56A35 /* CRUsuario.swift in Sources */,
				569F6FB11D9042780040A25F /* AppDelegate.swift in Sources */,
				569F6FD21D907AB60040A25F /* Usuario.swift in Sources */,
				56798FEB1D90C1EC00C56A35 /* ListItemClientes.swift in Sources */,
			);
			runOnlyForDeploymentPostprocessing = 0;
		};
		569F6FBD1D9042780040A25F /* Sources */ = {
			isa = PBXSourcesBuildPhase;
			buildActionMask = 2147483647;
			files = (
				569F70021D90B78E0040A25F /* SistemaViewController.swift in Sources */,
				569F6FF91D90B3BA0040A25F /* ViewController.swift in Sources */,
				569F6FD91D90B21C0040A25F /* Clientes.swift in Sources */,
				569F6FD31D907AB60040A25F /* Usuario.swift in Sources */,
				561888D41D90C78E009FC082 /* Readme.text in Sources */,
				569F6FD61D907AD20040A25F /* CRUsuario.swift in Sources */,
				569F6FC61D9042780040A25F /* Trabajo16Tests.swift in Sources */,
				56798FEC1D90C1EC00C56A35 /* ListItemClientes.swift in Sources */,
			);
			runOnlyForDeploymentPostprocessing = 0;
		};
/* End PBXSourcesBuildPhase section */

/* Begin PBXTargetDependency section */
		569F6FC31D9042780040A25F /* PBXTargetDependency */ = {
			isa = PBXTargetDependency;
			target = 569F6FAC1D9042780040A25F /* Trabajo16 */;
			targetProxy = 569F6FC21D9042780040A25F /* PBXContainerItemProxy */;
		};
/* End PBXTargetDependency section */

/* Begin PBXVariantGroup section */
		569F6FB91D9042780040A25F /* LaunchScreen.storyboard */ = {
			isa = PBXVariantGroup;
			children = (
				569F6FBA1D9042780040A25F /* Base */,
			);
			name = LaunchScreen.storyboard;
			sourceTree = "<group>";
		};
/* End PBXVariantGroup section */

/* Begin XCBuildConfiguration section */
		569F6FC81D9042780040A25F /* Debug */ = {
			isa = XCBuildConfiguration;
			buildSettings = {
				ALWAYS_SEARCH_USER_PATHS = NO;
				CLANG_CXX_LANGUAGE_STANDARD = "gnu++0x";
				CLANG_CXX_LIBRARY = "libc++";
				CLANG_ENABLE_MODULES = YES;
				CLANG_ENABLE_OBJC_ARC = YES;
				CLANG_WARN_BOOL_CONVERSION = YES;
				CLANG_WARN_CONSTANT_CONVERSION = YES;
				CLANG_WARN_DIRECT_OBJC_ISA_USAGE = YES_ERROR;
				CLANG_WARN_EMPTY_BODY = YES;
				CLANG_WARN_ENUM_CONVERSION = YES;
				CLANG_WARN_INT_CONVERSION = YES;
				CLANG_WARN_OBJC_ROOT_CLASS = YES_ERROR;
				CLANG_WARN_UNREACHABLE_CODE = YES;
				CLANG_WARN__DUPLICATE_METHOD_MATCH = YES;
				"CODE_SIGN_IDENTITY[sdk=iphoneos*]" = "iPhone Developer";
				COPY_PHASE_STRIP = NO;
				DEBUG_INFORMATION_FORMAT = dwarf;
				ENABLE_STRICT_OBJC_MSGSEND = YES;
				ENABLE_TESTABILITY = YES;
				GCC_C_LANGUAGE_STANDARD = gnu99;
				GCC_DYNAMIC_NO_PIC = NO;
				GCC_NO_COMMON_BLOCKS = YES;
				GCC_OPTIMIZATION_LEVEL = 0;
				GCC_PREPROCESSOR_DEFINITIONS = (
					"DEBUG=1",
					"$(inherited)",
				);
				GCC_WARN_64_TO_32_BIT_CONVERSION = YES;
				GCC_WARN_ABOUT_RETURN_TYPE = YES_ERROR;
				GCC_WARN_UNDECLARED_SELECTOR = YES;
				GCC_WARN_UNINITIALIZED_AUTOS = YES_AGGRESSIVE;
				GCC_WARN_UNUSED_FUNCTION = YES;
				GCC_WARN_UNUSED_VARIABLE = YES;
				IPHONEOS_DEPLOYMENT_TARGET = 9.2;
				MTL_ENABLE_DEBUG_INFO = YES;
				ONLY_ACTIVE_ARCH = YES;
				SDKROOT = iphoneos;
				SWIFT_OPTIMIZATION_LEVEL = "-Onone";
			};
			name = Debug;
		};
		569F6FC91D9042780040A25F /* Release */ = {
			isa = XCBuildConfiguration;
			buildSettings = {
				ALWAYS_SEARCH_USER_PATHS = NO;
				CLANG_CXX_LANGUAGE_STANDARD = "gnu++0x";
				CLANG_CXX_LIBRARY = "libc++";
				CLANG_ENABLE_MODULES = YES;
				CLANG_ENABLE_OBJC_ARC = YES;
				CLANG_WARN_BOOL_CONVERSION = YES;
				CLANG_WARN_CONSTANT_CONVERSION = YES;
				CLANG_WARN_DIRECT_OBJC_ISA_USAGE = YES_ERROR;
				CLANG_WARN_EMPTY_BODY = YES;
				CLANG_WARN_ENUM_CONVERSION = YES;
				CLANG_WARN_INT_CONVERSION = YES;
				CLANG_WARN_OBJC_ROOT_CLASS = YES_ERROR;
				CLANG_WARN_UNREACHABLE_CODE = YES;
				CLANG_WARN__DUPLICATE_METHOD_MATCH = YES;
				"CODE_SIGN_IDENTITY[sdk=iphoneos*]" = "iPhone Developer";
				COPY_PHASE_STRIP = NO;
				DEBUG_INFORMATION_FORMAT = "dwarf-with-dsym";
				ENABLE_NS_ASSERTIONS = NO;
				ENABLE_STRICT_OBJC_MSGSEND = YES;
				GCC_C_LANGUAGE_STANDARD = gnu99;
				GCC_NO_COMMON_BLOCKS = YES;
				GCC_WARN_64_TO_32_BIT_CONVERSION = YES;
				GCC_WARN_ABOUT_RETURN_TYPE = YES_ERROR;
				GCC_WARN_UNDECLARED_SELECTOR = YES;
				GCC_WARN_UNINITIALIZED_AUTOS = YES_AGGRESSIVE;
				GCC_WARN_UNUSED_FUNCTION = YES;
				GCC_WARN_UNUSED_VARIABLE = YES;
				IPHONEOS_DEPLOYMENT_TARGET = 9.2;
				MTL_ENABLE_DEBUG_INFO = NO;
				SDKROOT = iphoneos;
				VALIDATE_PRODUCT = YES;
			};
			name = Release;
		};
		569F6FCB1D9042780040A25F /* Debug */ = {
			isa = XCBuildConfiguration;
			buildSettings = {
				ASSETCATALOG_COMPILER_APPICON_NAME = AppIcon;
				INFOPLIST_FILE = Trabajo16/Info.plist;
				LD_RUNPATH_SEARCH_PATHS = "$(inherited) @executable_path/Frameworks";
				PRODUCT_BUNDLE_IDENTIFIER = inacap.cl.Trabajo16;
				PRODUCT_NAME = "$(TARGET_NAME)";
			};
			name = Debug;
		};
		569F6FCC1D9042780040A25F /* Release */ = {
			isa = XCBuildConfiguration;
			buildSettings = {
				ASSETCATALOG_COMPILER_APPICON_NAME = AppIcon;
				INFOPLIST_FILE = Trabajo16/Info.plist;
				LD_RUNPATH_SEARCH_PATHS = "$(inherited) @executable_path/Frameworks";
				PRODUCT_BUNDLE_IDENTIFIER = inacap.cl.Trabajo16;
				PRODUCT_NAME = "$(TARGET_NAME)";
			};
			name = Release;
		};
		569F6FCE1D9042780040A25F /* Debug */ = {
			isa = XCBuildConfiguration;
			buildSettings = {
				BUNDLE_LOADER = "$(TEST_HOST)";
				INFOPLIST_FILE = Trabajo16Tests/Info.plist;
				LD_RUNPATH_SEARCH_PATHS = "$(inherited) @executable_path/Frameworks @loader_path/Frameworks";
				PRODUCT_BUNDLE_IDENTIFIER = inacap.cl.Trabajo16Tests;
				PRODUCT_NAME = "$(TARGET_NAME)";
				TEST_HOST = "$(BUILT_PRODUCTS_DIR)/Trabajo16.app/Trabajo16";
			};
			name = Debug;
		};
		569F6FCF1D9042780040A25F /* Release */ = {
			isa = XCBuildConfiguration;
			buildSettings = {
				BUNDLE_LOADER = "$(TEST_HOST)";
				INFOPLIST_FILE = Trabajo16Tests/Info.plist;
				LD_RUNPATH_SEARCH_PATHS = "$(inherited) @executable_path/Frameworks @loader_path/Frameworks";
				PRODUCT_BUNDLE_IDENTIFIER = inacap.cl.Trabajo16Tests;
				PRODUCT_NAME = "$(TARGET_NAME)";
				TEST_HOST = "$(BUILT_PRODUCTS_DIR)/Trabajo16.app/Trabajo16";
			};
			name = Release;
		};
/* End XCBuildConfiguration section */

/* Begin XCConfigurationList section */
		569F6FA81D9042780040A25F /* Build configuration list for PBXProject "Trabajo16" */ = {
			isa = XCConfigurationList;
			buildConfigurations = (
				569F6FC81D9042780040A25F /* Debug */,
				569F6FC91D9042780040A25F /* Release */,
			);
			defaultConfigurationIsVisible = 0;
			defaultConfigurationName = Release;
		};
		569F6FCA1D9042780040A25F /* Build configuration list for PBXNativeTarget "Trabajo16" */ = {
			isa = XCConfigurationList;
			buildConfigurations = (
				569F6FCB1D9042780040A25F /* Debug */,
				569F6FCC1D9042780040A25F /* Release */,
			);
			defaultConfigurationIsVisible = 0;
			defaultConfigurationName = Release;
		};
		569F6FCD1D9042780040A25F /* Build configuration list for PBXNativeTarget "Trabajo16Tests" */ = {
			isa = XCConfigurationList;
			buildConfigurations = (
				569F6FCE1D9042780040A25F /* Debug */,
				569F6FCF1D9042780040A25F /* Release */,
			);
			defaultConfigurationIsVisible = 0;
			defaultConfigurationName = Release;
		};
/* End XCConfigurationList section */
	};
	rootObject = 569F6FA51D9042780040A25F /* Project object */;
}
